
Microsoft Visual Studio Solution File, Format Version 12.00
# Visual Studio 14
VisualStudioVersion = 14.0.24720.0
MinimumVisualStudioVersion = 10.0.40219.1
Project("{FAE04EC0-301F-11D3-BF4B-00C04F79EFBC}") = "500px.OAuth.dll", "500px.OAuth.dll\500px.OAuth.dll.csproj", "{A8ACB336-5188-4F3C-B510-7AC9BA286606}"
EndProject
Project("{FAE04EC0-301F-11D3-BF4B-00C04F79EFBC}") = "WindowsFormsApplicationTest", "..\WindowsFormsApplicationTest\WindowsFormsApplicationTest.csproj", "{89A46CF0-4ADF-465B-8422-D9B9FCA2ADC7}"
EndProject
Project("{FAE04EC0-301F-11D3-BF4B-00C04F79EFBC}") = "ConsoleApplicationTest", "..\ConsoleApplicationTest\ConsoleApplicationTest.csproj", "{CF1ED926-5273-4B19-B380-15206C3FDDA6}"
EndProject
Global
	GlobalSection(SolutionConfigurationPlatforms) = preSolution
		Debug|Any CPU = Debug|Any CPU
		Release|Any CPU = Release|Any CPU
	EndGlobalSection
	GlobalSection(ProjectConfigurationPlatforms) = postSolution
		{A8ACB336-5188-4F3C-B510-7AC9BA286606}.Debug|Any CPU.ActiveCfg = Debug|Any CPU
		{A8ACB336-5188-4F3C-B510-7AC9BA286606}.Debug|Any CPU.Build.0 = Debug|Any CPU
		{A8ACB336-5188-4F3C-B510-7AC9BA286606}.Release|Any CPU.ActiveCfg = Release|Any CPU
		{A8ACB336-5188-4F3C-B510-7AC9BA286606}.Release|Any CPU.Build.0 = Release|Any CPU
		{89A46CF0-4ADF-465B-8422-D9B9FCA2ADC7}.Debug|Any CPU.ActiveCfg = Debug|Any CPU
		{89A46CF0-4ADF-465B-8422-D9B9FCA2ADC7}.Debug|Any CPU.Build.0 = Debug|Any CPU
		{89A46CF0-4ADF-465B-8422-D9B9FCA2ADC7}.Release|Any CPU.ActiveCfg = Release|Any CPU
		{89A46CF0-4ADF-465B-8422-D9B9FCA2ADC7}.Release|Any CPU.Build.0 = Release|Any CPU
		{CF1ED926-5273-4B19-B380-15206C3FDDA6}.Debug|Any CPU.ActiveCfg = Debug|Any CPU
		{CF1ED926-5273-4B19-B380-15206C3FDDA6}.Debug|Any CPU.Build.0 = Debug|Any CPU
		{CF1ED926-5273-4B19-B380-15206C3FDDA6}.Release|Any CPU.ActiveCfg = Release|Any CPU
		{CF1ED926-5273-4B19-B380-15206C3FDDA6}.Release|Any CPU.Build.0 = Release|Any CPU
	EndGlobalSection
	GlobalSection(SolutionProperties) = preSolution
		HideSolutionNode = FALSE
	EndGlobalSection
EndGlobal
